
Microsoft Visual Studio Solution File, Format Version 12.00
# Visual Studio 15
Project("{FAE04EC0-301F-11D3-BF4B-00C04F79EFBC}") = "NewArad", "NewArad.csproj", "{B359DE03-9702-5B2E-D09E-24585ADF7BF2}"
EndProject
Project("{FAE04EC0-301F-11D3-BF4B-00C04F79EFBC}") = "NewArad.Editor", "NewArad.Editor.csproj", "{DA320E11-A92E-A49E-95DC-C6D17059A710}"
EndProject
Global
	GlobalSection(SolutionConfigurationPlatforms) = preSolution
		Debug|Any CPU = Debug|Any CPU
		Release|Any CPU = Release|Any CPU
	EndGlobalSection
	GlobalSection(ProjectConfigurationPlatforms) = postSolution
		{B359DE03-9702-5B2E-D09E-24585ADF7BF2}.Debug|Any CPU.ActiveCfg = Debug|Any CPU
		{B359DE03-9702-5B2E-D09E-24585ADF7BF2}.Debug|Any CPU.Build.0 = Debug|Any CPU
		{B359DE03-9702-5B2E-D09E-24585ADF7BF2}.Release|Any CPU.ActiveCfg = Release|Any CPU
		{B359DE03-9702-5B2E-D09E-24585ADF7BF2}.Release|Any CPU.Build.0 = Release|Any CPU
		{DA320E11-A92E-A49E-95DC-C6D17059A710}.Debug|Any CPU.ActiveCfg = Debug|Any CPU
		{DA320E11-A92E-A49E-95DC-C6D17059A710}.Debug|Any CPU.Build.0 = Debug|Any CPU
		{DA320E11-A92E-A49E-95DC-C6D17059A710}.Release|Any CPU.ActiveCfg = Release|Any CPU
		{DA320E11-A92E-A49E-95DC-C6D17059A710}.Release|Any CPU.Build.0 = Release|Any CPU
	EndGlobalSection
	GlobalSection(SolutionProperties) = preSolution
		HideSolutionNode = FALSE
	EndGlobalSection
EndGlobal
